// !$*UTF8*$!
{
	archiveVersion = 1;
	classes = {
	};
	objectVersion = 46;
	objects = {

/* Begin PBXBuildFile section */
		2A2505021EAE7FE300A3D4C8 /* Settings.swift in Sources */ = {isa = PBXBuildFile; fileRef = 2A2505011EAE7FE300A3D4C8 /* Settings.swift */; };
		2A403D5E1DD1F9D7007EBA0A /* APIManager.swift in Sources */ = {isa = PBXBuildFile; fileRef = 2A403D5D1DD1F9D7007EBA0A /* APIManager.swift */; };
		2A403D611DD30E07007EBA0A /* MeetingDetailViewController.swift in Sources */ = {isa = PBXBuildFile; fileRef = 2A403D601DD30E07007EBA0A /* MeetingDetailViewController.swift */; };
		2A403D641DD30EF3007EBA0A /* MeetingDetailView.swift in Sources */ = {isa = PBXBuildFile; fileRef = 2A403D631DD30EF3007EBA0A /* MeetingDetailView.swift */; };
		2A403D661DD313A9007EBA0A /* MeetingDetail.swift in Sources */ = {isa = PBXBuildFile; fileRef = 2A403D651DD313A9007EBA0A /* MeetingDetail.swift */; };
		2A5297711DD4905400DB18A7 /* String+Date.swift in Sources */ = {isa = PBXBuildFile; fileRef = 2A5297701DD4905400DB18A7 /* String+Date.swift */; };
		2A5297731DD5CFAF00DB18A7 /* RatingView.swift in Sources */ = {isa = PBXBuildFile; fileRef = 2A5297721DD5CFAF00DB18A7 /* RatingView.swift */; };
		2A66D6841DEC38E6008C4239 /* UIViewController+Alert.swift in Sources */ = {isa = PBXBuildFile; fileRef = 2A66D6831DEC38E6008C4239 /* UIViewController+Alert.swift */; };
		2A687B4F1DCBB1FF00AB88F5 /* LoginViewController.swift in Sources */ = {isa = PBXBuildFile; fileRef = 2A687B4E1DCBB1FF00AB88F5 /* LoginViewController.swift */; };
		2A687B511DCBB24A00AB88F5 /* LoginView.swift in Sources */ = {isa = PBXBuildFile; fileRef = 2A687B501DCBB24A00AB88F5 /* LoginView.swift */; };
		2A8AD8081DC7E050009D7918 /* User.swift in Sources */ = {isa = PBXBuildFile; fileRef = 2A8AD8071DC7E050009D7918 /* User.swift */; };
		2A8D4BF21DEF21DC007A42CC /* TimeView.swift in Sources */ = {isa = PBXBuildFile; fileRef = 2A8D4BF11DEF21DC007A42CC /* TimeView.swift */; };
		2AA1AB8F1EAE8BF70076051A /* SettingsViewController.swift in Sources */ = {isa = PBXBuildFile; fileRef = 2AA1AB8E1EAE8BF70076051A /* SettingsViewController.swift */; };
		2AA1AB911EAE8C790076051A /* SettingsView.swift in Sources */ = {isa = PBXBuildFile; fileRef = 2AA1AB901EAE8C790076051A /* SettingsView.swift */; };
		2AA1AB981EAFD0770076051A /* UserNotifications.framework in Frameworks */ = {isa = PBXBuildFile; fileRef = 2AA1AB971EAFD0770076051A /* UserNotifications.framework */; };
		2AA1AB9A1EAFD0770076051A /* UserNotificationsUI.framework in Frameworks */ = {isa = PBXBuildFile; fileRef = 2AA1AB991EAFD0770076051A /* UserNotificationsUI.framework */; };
		2AA1AB9D1EAFD0770076051A /* NotificationViewController.swift in Sources */ = {isa = PBXBuildFile; fileRef = 2AA1AB9C1EAFD0770076051A /* NotificationViewController.swift */; };
		2AA1ABA01EAFD0770076051A /* MainInterface.storyboard in Resources */ = {isa = PBXBuildFile; fileRef = 2AA1AB9E1EAFD0770076051A /* MainInterface.storyboard */; };
		2AA1ABA41EAFD0770076051A /* CalenalaPushExtension.appex in Embed App Extensions */ = {isa = PBXBuildFile; fileRef = 2AA1AB961EAFD0770076051A /* CalenalaPushExtension.appex */; settings = {ATTRIBUTES = (RemoveHeadersOnCopy, ); }; };
		2AAC6A8F1E1EFE4F00F84618 /* AttendeesViewController.swift in Sources */ = {isa = PBXBuildFile; fileRef = 2AAC6A8E1E1EFE4F00F84618 /* AttendeesViewController.swift */; };
		2AB64F161DCC9341005A058E /* MeetingsViewController.swift in Sources */ = {isa = PBXBuildFile; fileRef = 2AB64F151DCC9341005A058E /* MeetingsViewController.swift */; };
		2AB64F181DCCADE2005A058E /* MeetingsDataSource.swift in Sources */ = {isa = PBXBuildFile; fileRef = 2AB64F171DCCADE2005A058E /* MeetingsDataSource.swift */; };
		2AB64F1B1DCCAEB4005A058E /* MeetingCell.swift in Sources */ = {isa = PBXBuildFile; fileRef = 2AB64F1A1DCCAEB4005A058E /* MeetingCell.swift */; };
		2AB64F1D1DCCAECB005A058E /* Meeting.swift in Sources */ = {isa = PBXBuildFile; fileRef = 2AB64F1C1DCCAECB005A058E /* Meeting.swift */; };
		2AD36D551DC5141600F63E90 /* AppDelegate.swift in Sources */ = {isa = PBXBuildFile; fileRef = 2AD36D541DC5141600F63E90 /* AppDelegate.swift */; };
		2AD36D5C1DC5141600F63E90 /* Assets.xcassets in Resources */ = {isa = PBXBuildFile; fileRef = 2AD36D5B1DC5141600F63E90 /* Assets.xcassets */; };
		2AD36D5F1DC5141600F63E90 /* LaunchScreen.storyboard in Resources */ = {isa = PBXBuildFile; fileRef = 2AD36D5D1DC5141600F63E90 /* LaunchScreen.storyboard */; };
		2AD8DD1B1E159CEC0076B8E9 /* MeetingHeaderView.swift in Sources */ = {isa = PBXBuildFile; fileRef = 2AD8DD1A1E159CEC0076B8E9 /* MeetingHeaderView.swift */; };
		2AD8DD301E1D6F390076B8E9 /* AttendeeesCell.swift in Sources */ = {isa = PBXBuildFile; fileRef = 2AD8DD2F1E1D6F390076B8E9 /* AttendeeesCell.swift */; };
		2AD8DD321E1D7C7C0076B8E9 /* CreateCommentCell.swift in Sources */ = {isa = PBXBuildFile; fileRef = 2AD8DD311E1D7C7C0076B8E9 /* CreateCommentCell.swift */; };
		2AD8DD341E1DA2AB0076B8E9 /* String+SHA1.swift in Sources */ = {isa = PBXBuildFile; fileRef = 2AD8DD331E1DA2AB0076B8E9 /* String+SHA1.swift */; };
		2AD8DD391E1DA3D20076B8E9 /* Crypto.m in Sources */ = {isa = PBXBuildFile; fileRef = 2AD8DD381E1DA3D20076B8E9 /* Crypto.m */; };
		2AE52A8D1E815516006F3C98 /* RatedMeetingsViewController.swift in Sources */ = {isa = PBXBuildFile; fileRef = 2AE52A8C1E815516006F3C98 /* RatedMeetingsViewController.swift */; };
		2AF62AC91DF8AABF005EEC23 /* Attende.swift in Sources */ = {isa = PBXBuildFile; fileRef = 2AF62AC81DF8AABF005EEC23 /* Attende.swift */; };
		5A80DD37F9CE1D430B98C144 /* Pods.framework in Frameworks */ = {isa = PBXBuildFile; fileRef = D0CA63E0FD7895AEB0A765D5 /* Pods.framework */; };
		F649C8CC1DF5AFA700046CE3 /* EmailStackView.swift in Sources */ = {isa = PBXBuildFile; fileRef = F649C8CB1DF5AFA700046CE3 /* EmailStackView.swift */; };
		F649C8CE1DF5EE3D00046CE3 /* CommentTableViewCell.swift in Sources */ = {isa = PBXBuildFile; fileRef = F649C8CD1DF5EE3D00046CE3 /* CommentTableViewCell.swift */; };
		F67C0A791E02B4E500321EFA /* CommentTableViewDataSource.swift in Sources */ = {isa = PBXBuildFile; fileRef = F67C0A781E02B4E500321EFA /* CommentTableViewDataSource.swift */; };
		F6F878B51E093774001F44CC /* TitleTableViewCell.swift in Sources */ = {isa = PBXBuildFile; fileRef = F6F878B41E093774001F44CC /* TitleTableViewCell.swift */; };
		F6F878B71E096EBD001F44CC /* LocationTableViewCell.swift in Sources */ = {isa = PBXBuildFile; fileRef = F6F878B61E096EBD001F44CC /* LocationTableViewCell.swift */; };
/* End PBXBuildFile section */

/* Begin PBXContainerItemProxy section */
		2AA1ABA21EAFD0770076051A /* PBXContainerItemProxy */ = {
			isa = PBXContainerItemProxy;
			containerPortal = 2AD36D491DC5141600F63E90 /* Project object */;
			proxyType = 1;
			remoteGlobalIDString = 2AA1AB951EAFD0770076051A;
			remoteInfo = CalenalaPushExtension;
		};
/* End PBXContainerItemProxy section */

/* Begin PBXCopyFilesBuildPhase section */
		2AA1ABA81EAFD0770076051A /* Embed App Extensions */ = {
			isa = PBXCopyFilesBuildPhase;
			buildActionMask = 2147483647;
			dstPath = "";
			dstSubfolderSpec = 13;
			files = (
				2AA1ABA41EAFD0770076051A /* CalenalaPushExtension.appex in Embed App Extensions */,
			);
			name = "Embed App Extensions";
			runOnlyForDeploymentPostprocessing = 0;
		};
/* End PBXCopyFilesBuildPhase section */

/* Begin PBXFileReference section */
		2A0F0CDD1DDBC59000698A82 /* CalenalaApp.entitlements */ = {isa = PBXFileReference; lastKnownFileType = text.plist.entitlements; path = CalenalaApp.entitlements; sourceTree = "<group>"; };
		2A2505011EAE7FE300A3D4C8 /* Settings.swift */ = {isa = PBXFileReference; fileEncoding = 4; lastKnownFileType = sourcecode.swift; path = Settings.swift; sourceTree = "<group>"; };
		2A403D5D1DD1F9D7007EBA0A /* APIManager.swift */ = {isa = PBXFileReference; fileEncoding = 4; lastKnownFileType = sourcecode.swift; path = APIManager.swift; sourceTree = "<group>"; };
		2A403D601DD30E07007EBA0A /* MeetingDetailViewController.swift */ = {isa = PBXFileReference; fileEncoding = 4; lastKnownFileType = sourcecode.swift; path = MeetingDetailViewController.swift; sourceTree = "<group>"; };
		2A403D631DD30EF3007EBA0A /* MeetingDetailView.swift */ = {isa = PBXFileReference; fileEncoding = 4; lastKnownFileType = sourcecode.swift; path = MeetingDetailView.swift; sourceTree = "<group>"; };
		2A403D651DD313A9007EBA0A /* MeetingDetail.swift */ = {isa = PBXFileReference; fileEncoding = 4; lastKnownFileType = sourcecode.swift; path = MeetingDetail.swift; sourceTree = "<group>"; };
		2A5297701DD4905400DB18A7 /* String+Date.swift */ = {isa = PBXFileReference; fileEncoding = 4; lastKnownFileType = sourcecode.swift; path = "String+Date.swift"; sourceTree = "<group>"; };
		2A5297721DD5CFAF00DB18A7 /* RatingView.swift */ = {isa = PBXFileReference; fileEncoding = 4; lastKnownFileType = sourcecode.swift; path = RatingView.swift; sourceTree = "<group>"; };
		2A66D6831DEC38E6008C4239 /* UIViewController+Alert.swift */ = {isa = PBXFileReference; fileEncoding = 4; lastKnownFileType = sourcecode.swift; path = "UIViewController+Alert.swift"; sourceTree = "<group>"; };
		2A687B4E1DCBB1FF00AB88F5 /* LoginViewController.swift */ = {isa = PBXFileReference; fileEncoding = 4; lastKnownFileType = sourcecode.swift; path = LoginViewController.swift; sourceTree = "<group>"; };
		2A687B501DCBB24A00AB88F5 /* LoginView.swift */ = {isa = PBXFileReference; fileEncoding = 4; lastKnownFileType = sourcecode.swift; path = LoginView.swift; sourceTree = "<group>"; };
		2A8AD8071DC7E050009D7918 /* User.swift */ = {isa = PBXFileReference; fileEncoding = 4; lastKnownFileType = sourcecode.swift; path = User.swift; sourceTree = "<group>"; };
		2A8D4BF11DEF21DC007A42CC /* TimeView.swift */ = {isa = PBXFileReference; fileEncoding = 4; lastKnownFileType = sourcecode.swift; path = TimeView.swift; sourceTree = "<group>"; };
		2AA1AB8E1EAE8BF70076051A /* SettingsViewController.swift */ = {isa = PBXFileReference; fileEncoding = 4; lastKnownFileType = sourcecode.swift; path = SettingsViewController.swift; sourceTree = "<group>"; };
		2AA1AB901EAE8C790076051A /* SettingsView.swift */ = {isa = PBXFileReference; fileEncoding = 4; lastKnownFileType = sourcecode.swift; path = SettingsView.swift; sourceTree = "<group>"; };
		2AA1AB961EAFD0770076051A /* CalenalaPushExtension.appex */ = {isa = PBXFileReference; explicitFileType = "wrapper.app-extension"; includeInIndex = 0; path = CalenalaPushExtension.appex; sourceTree = BUILT_PRODUCTS_DIR; };
		2AA1AB971EAFD0770076051A /* UserNotifications.framework */ = {isa = PBXFileReference; lastKnownFileType = wrapper.framework; name = UserNotifications.framework; path = System/Library/Frameworks/UserNotifications.framework; sourceTree = SDKROOT; };
		2AA1AB991EAFD0770076051A /* UserNotificationsUI.framework */ = {isa = PBXFileReference; lastKnownFileType = wrapper.framework; name = UserNotificationsUI.framework; path = System/Library/Frameworks/UserNotificationsUI.framework; sourceTree = SDKROOT; };
		2AA1AB9C1EAFD0770076051A /* NotificationViewController.swift */ = {isa = PBXFileReference; lastKnownFileType = sourcecode.swift; path = NotificationViewController.swift; sourceTree = "<group>"; };
		2AA1AB9F1EAFD0770076051A /* Base */ = {isa = PBXFileReference; lastKnownFileType = file.storyboard; name = Base; path = Base.lproj/MainInterface.storyboard; sourceTree = "<group>"; };
		2AA1ABA11EAFD0770076051A /* Info.plist */ = {isa = PBXFileReference; lastKnownFileType = text.plist.xml; path = Info.plist; sourceTree = "<group>"; };
		2AAC6A8E1E1EFE4F00F84618 /* AttendeesViewController.swift */ = {isa = PBXFileReference; fileEncoding = 4; lastKnownFileType = sourcecode.swift; path = AttendeesViewController.swift; sourceTree = "<group>"; };
		2AB64F151DCC9341005A058E /* MeetingsViewController.swift */ = {isa = PBXFileReference; fileEncoding = 4; lastKnownFileType = sourcecode.swift; path = MeetingsViewController.swift; sourceTree = "<group>"; };
		2AB64F171DCCADE2005A058E /* MeetingsDataSource.swift */ = {isa = PBXFileReference; fileEncoding = 4; lastKnownFileType = sourcecode.swift; path = MeetingsDataSource.swift; sourceTree = "<group>"; };
		2AB64F1A1DCCAEB4005A058E /* MeetingCell.swift */ = {isa = PBXFileReference; fileEncoding = 4; lastKnownFileType = sourcecode.swift; path = MeetingCell.swift; sourceTree = "<group>"; };
		2AB64F1C1DCCAECB005A058E /* Meeting.swift */ = {isa = PBXFileReference; fileEncoding = 4; lastKnownFileType = sourcecode.swift; path = Meeting.swift; sourceTree = "<group>"; };
		2AD36D511DC5141600F63E90 /* CalenalaApp.app */ = {isa = PBXFileReference; explicitFileType = wrapper.application; includeInIndex = 0; path = CalenalaApp.app; sourceTree = BUILT_PRODUCTS_DIR; };
		2AD36D541DC5141600F63E90 /* AppDelegate.swift */ = {isa = PBXFileReference; lastKnownFileType = sourcecode.swift; path = AppDelegate.swift; sourceTree = "<group>"; };
		2AD36D5B1DC5141600F63E90 /* Assets.xcassets */ = {isa = PBXFileReference; lastKnownFileType = folder.assetcatalog; path = Assets.xcassets; sourceTree = "<group>"; };
		2AD36D5E1DC5141600F63E90 /* Base */ = {isa = PBXFileReference; lastKnownFileType = file.storyboard; name = Base; path = Base.lproj/LaunchScreen.storyboard; sourceTree = "<group>"; };
		2AD36D601DC5141600F63E90 /* Info.plist */ = {isa = PBXFileReference; lastKnownFileType = text.plist.xml; path = Info.plist; sourceTree = "<group>"; };
		2AD8DD1A1E159CEC0076B8E9 /* MeetingHeaderView.swift */ = {isa = PBXFileReference; fileEncoding = 4; lastKnownFileType = sourcecode.swift; path = MeetingHeaderView.swift; sourceTree = "<group>"; };
		2AD8DD2F1E1D6F390076B8E9 /* AttendeeesCell.swift */ = {isa = PBXFileReference; fileEncoding = 4; lastKnownFileType = sourcecode.swift; path = AttendeeesCell.swift; sourceTree = "<group>"; };
		2AD8DD311E1D7C7C0076B8E9 /* CreateCommentCell.swift */ = {isa = PBXFileReference; fileEncoding = 4; lastKnownFileType = sourcecode.swift; path = CreateCommentCell.swift; sourceTree = "<group>"; };
		2AD8DD331E1DA2AB0076B8E9 /* String+SHA1.swift */ = {isa = PBXFileReference; fileEncoding = 4; lastKnownFileType = sourcecode.swift; path = "String+SHA1.swift"; sourceTree = "<group>"; };
		2AD8DD371E1DA3D20076B8E9 /* CalenalaApp-Bridging-Header.h */ = {isa = PBXFileReference; lastKnownFileType = sourcecode.c.h; path = "CalenalaApp-Bridging-Header.h"; sourceTree = "<group>"; };
		2AD8DD381E1DA3D20076B8E9 /* Crypto.m */ = {isa = PBXFileReference; fileEncoding = 4; lastKnownFileType = sourcecode.c.objc; path = Crypto.m; sourceTree = "<group>"; };
		2AE52A8C1E815516006F3C98 /* RatedMeetingsViewController.swift */ = {isa = PBXFileReference; fileEncoding = 4; lastKnownFileType = sourcecode.swift; path = RatedMeetingsViewController.swift; sourceTree = "<group>"; };
		2AF62AC81DF8AABF005EEC23 /* Attende.swift */ = {isa = PBXFileReference; fileEncoding = 4; lastKnownFileType = sourcecode.swift; path = Attende.swift; sourceTree = "<group>"; };
		3D9EBD1E82C38EB493687E06 /* Pods_CalenalaApp.framework */ = {isa = PBXFileReference; explicitFileType = wrapper.framework; includeInIndex = 0; path = Pods_CalenalaApp.framework; sourceTree = BUILT_PRODUCTS_DIR; };
		602659FDEEF25591413A4F03 /* Pods.release.xcconfig */ = {isa = PBXFileReference; includeInIndex = 1; lastKnownFileType = text.xcconfig; name = Pods.release.xcconfig; path = "Pods/Target Support Files/Pods/Pods.release.xcconfig"; sourceTree = "<group>"; };
		C814227CA2AE15D0BCDFDC84 /* Pods.debug.xcconfig */ = {isa = PBXFileReference; includeInIndex = 1; lastKnownFileType = text.xcconfig; name = Pods.debug.xcconfig; path = "Pods/Target Support Files/Pods/Pods.debug.xcconfig"; sourceTree = "<group>"; };
		D0CA63E0FD7895AEB0A765D5 /* Pods.framework */ = {isa = PBXFileReference; explicitFileType = wrapper.framework; includeInIndex = 0; path = Pods.framework; sourceTree = BUILT_PRODUCTS_DIR; };
		F649C8CB1DF5AFA700046CE3 /* EmailStackView.swift */ = {isa = PBXFileReference; fileEncoding = 4; lastKnownFileType = sourcecode.swift; path = EmailStackView.swift; sourceTree = "<group>"; };
		F649C8CD1DF5EE3D00046CE3 /* CommentTableViewCell.swift */ = {isa = PBXFileReference; fileEncoding = 4; lastKnownFileType = sourcecode.swift; path = CommentTableViewCell.swift; sourceTree = "<group>"; };
		F67C0A781E02B4E500321EFA /* CommentTableViewDataSource.swift */ = {isa = PBXFileReference; fileEncoding = 4; lastKnownFileType = sourcecode.swift; path = CommentTableViewDataSource.swift; sourceTree = "<group>"; };
		F6F878B41E093774001F44CC /* TitleTableViewCell.swift */ = {isa = PBXFileReference; fileEncoding = 4; lastKnownFileType = sourcecode.swift; path = TitleTableViewCell.swift; sourceTree = "<group>"; };
		F6F878B61E096EBD001F44CC /* LocationTableViewCell.swift */ = {isa = PBXFileReference; fileEncoding = 4; lastKnownFileType = sourcecode.swift; path = LocationTableViewCell.swift; sourceTree = "<group>"; };
/* End PBXFileReference section */

/* Begin PBXFrameworksBuildPhase section */
		2AA1AB931EAFD0770076051A /* Frameworks */ = {
			isa = PBXFrameworksBuildPhase;
			buildActionMask = 2147483647;
			files = (
				2AA1AB9A1EAFD0770076051A /* UserNotificationsUI.framework in Frameworks */,
				2AA1AB981EAFD0770076051A /* UserNotifications.framework in Frameworks */,
			);
			runOnlyForDeploymentPostprocessing = 0;
		};
		2AD36D4E1DC5141600F63E90 /* Frameworks */ = {
			isa = PBXFrameworksBuildPhase;
			buildActionMask = 2147483647;
			files = (
				5A80DD37F9CE1D430B98C144 /* Pods.framework in Frameworks */,
			);
			runOnlyForDeploymentPostprocessing = 0;
		};
/* End PBXFrameworksBuildPhase section */

/* Begin PBXGroup section */
		2A403D5B1DD1D9FC007EBA0A /* Entities */ = {
			isa = PBXGroup;
			children = (
				2AB64F1C1DCCAECB005A058E /* Meeting.swift */,
				2A8AD8071DC7E050009D7918 /* User.swift */,
				2A403D651DD313A9007EBA0A /* MeetingDetail.swift */,
				2A5297701DD4905400DB18A7 /* String+Date.swift */,
				2AF62AC81DF8AABF005EEC23 /* Attende.swift */,
				2A2505011EAE7FE300A3D4C8 /* Settings.swift */,
			);
			name = Entities;
			sourceTree = "<group>";
		};
		2A403D5C1DD1F9C2007EBA0A /* Manager */ = {
			isa = PBXGroup;
			children = (
				2A403D5D1DD1F9D7007EBA0A /* APIManager.swift */,
			);
			name = Manager;
			sourceTree = "<group>";
		};
		2A403D5F1DD30DD5007EBA0A /* Meeting detail */ = {
			isa = PBXGroup;
			children = (
				F67C0A741E02A95B00321EFA /* Data Source */,
				2A403D621DD30EE1007EBA0A /* View */,
				2A403D601DD30E07007EBA0A /* MeetingDetailViewController.swift */,
			);
			name = "Meeting detail";
			sourceTree = "<group>";
		};
		2A403D621DD30EE1007EBA0A /* View */ = {
			isa = PBXGroup;
			children = (
				F67C0A771E02ACAD00321EFA /* TableViewCell */,
				2A403D631DD30EF3007EBA0A /* MeetingDetailView.swift */,
				2A5297721DD5CFAF00DB18A7 /* RatingView.swift */,
				F649C8CB1DF5AFA700046CE3 /* EmailStackView.swift */,
			);
			name = View;
			sourceTree = "<group>";
		};
		2A66D6821DEC38C4008C4239 /* Extensions */ = {
			isa = PBXGroup;
			children = (
				2A66D6831DEC38E6008C4239 /* UIViewController+Alert.swift */,
				2AD8DD331E1DA2AB0076B8E9 /* String+SHA1.swift */,
				2AD8DD381E1DA3D20076B8E9 /* Crypto.m */,
				2AD8DD371E1DA3D20076B8E9 /* CalenalaApp-Bridging-Header.h */,
			);
			name = Extensions;
			sourceTree = "<group>";
		};
		2A687B4B1DCBB1C200AB88F5 /* Controllers */ = {
			isa = PBXGroup;
			children = (
				2AA1AB8D1EAE8BE40076051A /* Settings */,
				2AE52A8B1E815504006F3C98 /* RatedMeetings */,
				2AAC6A8D1E1EFE3C00F84618 /* Attendees */,
				2A403D5F1DD30DD5007EBA0A /* Meeting detail */,
				2AB64F141DCC930E005A058E /* Meeting list */,
				2A687B4C1DCBB1E600AB88F5 /* Login */,
			);
			name = Controllers;
			sourceTree = "<group>";
		};
		2A687B4C1DCBB1E600AB88F5 /* Login */ = {
			isa = PBXGroup;
			children = (
				2A687B4E1DCBB1FF00AB88F5 /* LoginViewController.swift */,
				2A687B501DCBB24A00AB88F5 /* LoginView.swift */,
			);
			name = Login;
			sourceTree = "<group>";
		};
		2AA1AB8D1EAE8BE40076051A /* Settings */ = {
			isa = PBXGroup;
			children = (
				2AA1AB8E1EAE8BF70076051A /* SettingsViewController.swift */,
				2AA1AB901EAE8C790076051A /* SettingsView.swift */,
			);
			name = Settings;
			sourceTree = "<group>";
		};
		2AA1AB9B1EAFD0770076051A /* CalenalaPushExtension */ = {
			isa = PBXGroup;
			children = (
				2AA1AB9C1EAFD0770076051A /* NotificationViewController.swift */,
				2AA1AB9E1EAFD0770076051A /* MainInterface.storyboard */,
				2AA1ABA11EAFD0770076051A /* Info.plist */,
			);
			path = CalenalaPushExtension;
			sourceTree = "<group>";
		};
		2AAC6A8D1E1EFE3C00F84618 /* Attendees */ = {
			isa = PBXGroup;
			children = (
				2AAC6A8E1E1EFE4F00F84618 /* AttendeesViewController.swift */,
			);
			name = Attendees;
			sourceTree = "<group>";
		};
		2AB64F141DCC930E005A058E /* Meeting list */ = {
			isa = PBXGroup;
			children = (
				2AB64F191DCCAE9E005A058E /* View */,
				2AB64F151DCC9341005A058E /* MeetingsViewController.swift */,
				2AB64F171DCCADE2005A058E /* MeetingsDataSource.swift */,
			);
			name = "Meeting list";
			sourceTree = "<group>";
		};
		2AB64F191DCCAE9E005A058E /* View */ = {
			isa = PBXGroup;
			children = (
				2AB64F1A1DCCAEB4005A058E /* MeetingCell.swift */,
				2A8D4BF11DEF21DC007A42CC /* TimeView.swift */,
				2AD8DD1A1E159CEC0076B8E9 /* MeetingHeaderView.swift */,
			);
			name = View;
			sourceTree = "<group>";
		};
		2AD36D481DC5141600F63E90 = {
			isa = PBXGroup;
			children = (
				2AD36D531DC5141600F63E90 /* CalenalaApp */,
				2AA1AB9B1EAFD0770076051A /* CalenalaPushExtension */,
				2AD36D521DC5141600F63E90 /* Products */,
				5E3BA76E2942EC889E73A935 /* Pods */,
				CBDFB59D505ED05324D3D9E2 /* Frameworks */,
			);
			sourceTree = "<group>";
		};
		2AD36D521DC5141600F63E90 /* Products */ = {
			isa = PBXGroup;
			children = (
				2AD36D511DC5141600F63E90 /* CalenalaApp.app */,
				2AA1AB961EAFD0770076051A /* CalenalaPushExtension.appex */,
			);
			name = Products;
			sourceTree = "<group>";
		};
		2AD36D531DC5141600F63E90 /* CalenalaApp */ = {
			isa = PBXGroup;
			children = (
				2A66D6821DEC38C4008C4239 /* Extensions */,
				2A0F0CDD1DDBC59000698A82 /* CalenalaApp.entitlements */,
				2A403D5C1DD1F9C2007EBA0A /* Manager */,
				2A403D5B1DD1D9FC007EBA0A /* Entities */,
				2A687B4B1DCBB1C200AB88F5 /* Controllers */,
				2AD36D541DC5141600F63E90 /* AppDelegate.swift */,
				2AD36D5B1DC5141600F63E90 /* Assets.xcassets */,
				2AD36D5D1DC5141600F63E90 /* LaunchScreen.storyboard */,
				2AD36D601DC5141600F63E90 /* Info.plist */,
			);
			path = CalenalaApp;
			sourceTree = "<group>";
		};
		2AE52A8B1E815504006F3C98 /* RatedMeetings */ = {
			isa = PBXGroup;
			children = (
				2AE52A8C1E815516006F3C98 /* RatedMeetingsViewController.swift */,
			);
			name = RatedMeetings;
			sourceTree = "<group>";
		};
		5E3BA76E2942EC889E73A935 /* Pods */ = {
			isa = PBXGroup;
			children = (
				C814227CA2AE15D0BCDFDC84 /* Pods.debug.xcconfig */,
				602659FDEEF25591413A4F03 /* Pods.release.xcconfig */,
			);
			name = Pods;
			sourceTree = "<group>";
		};
		CBDFB59D505ED05324D3D9E2 /* Frameworks */ = {
			isa = PBXGroup;
			children = (
				3D9EBD1E82C38EB493687E06 /* Pods_CalenalaApp.framework */,
				D0CA63E0FD7895AEB0A765D5 /* Pods.framework */,
				2AA1AB971EAFD0770076051A /* UserNotifications.framework */,
				2AA1AB991EAFD0770076051A /* UserNotificationsUI.framework */,
			);
			name = Frameworks;
			sourceTree = "<group>";
		};
		F67C0A741E02A95B00321EFA /* Data Source */ = {
			isa = PBXGroup;
			children = (
				F67C0A781E02B4E500321EFA /* CommentTableViewDataSource.swift */,
			);
			name = "Data Source";
			sourceTree = "<group>";
		};
		F67C0A771E02ACAD00321EFA /* TableViewCell */ = {
			isa = PBXGroup;
			children = (
				F649C8CD1DF5EE3D00046CE3 /* CommentTableViewCell.swift */,
				F6F878B41E093774001F44CC /* TitleTableViewCell.swift */,
				F6F878B61E096EBD001F44CC /* LocationTableViewCell.swift */,
				2AD8DD2F1E1D6F390076B8E9 /* AttendeeesCell.swift */,
				2AD8DD311E1D7C7C0076B8E9 /* CreateCommentCell.swift */,
			);
			name = TableViewCell;
			sourceTree = "<group>";
		};
/* End PBXGroup section */

/* Begin PBXNativeTarget section */
		2AA1AB951EAFD0770076051A /* CalenalaPushExtension */ = {
			isa = PBXNativeTarget;
			buildConfigurationList = 2AA1ABA71EAFD0770076051A /* Build configuration list for PBXNativeTarget "CalenalaPushExtension" */;
			buildPhases = (
				2AA1AB921EAFD0770076051A /* Sources */,
				2AA1AB931EAFD0770076051A /* Frameworks */,
				2AA1AB941EAFD0770076051A /* Resources */,
			);
			buildRules = (
			);
			dependencies = (
			);
			name = CalenalaPushExtension;
			productName = CalenalaPushExtension;
			productReference = 2AA1AB961EAFD0770076051A /* CalenalaPushExtension.appex */;
			productType = "com.apple.product-type.app-extension";
		};
		2AD36D501DC5141600F63E90 /* CalenalaApp */ = {
			isa = PBXNativeTarget;
			buildConfigurationList = 2AD36D631DC5141600F63E90 /* Build configuration list for PBXNativeTarget "CalenalaApp" */;
			buildPhases = (
				140520DB1192E5CD089A6929 /* Check Pods Manifest.lock */,
				2AD36D4D1DC5141600F63E90 /* Sources */,
				2AD36D4E1DC5141600F63E90 /* Frameworks */,
				2AD36D4F1DC5141600F63E90 /* Resources */,
				2DAB227670B0D0816F12D285 /* Embed Pods Frameworks */,
				9C6EC6F2163C33C4EAA29E0C /* Copy Pods Resources */,
				2AA1ABA81EAFD0770076051A /* Embed App Extensions */,
			);
			buildRules = (
			);
			dependencies = (
				2AA1ABA31EAFD0770076051A /* PBXTargetDependency */,
			);
			name = CalenalaApp;
			productName = CalenalaApp;
			productReference = 2AD36D511DC5141600F63E90 /* CalenalaApp.app */;
			productType = "com.apple.product-type.application";
		};
/* End PBXNativeTarget section */

/* Begin PBXProject section */
		2AD36D491DC5141600F63E90 /* Project object */ = {
			isa = PBXProject;
			attributes = {
				LastSwiftUpdateCheck = 0830;
				LastUpgradeCheck = 0810;
				ORGANIZATIONNAME = "Krezelok, Daniel";
				TargetAttributes = {
					2AA1AB951EAFD0770076051A = {
						CreatedOnToolsVersion = 8.3;
						DevelopmentTeam = L5425Y5HQ6;
						ProvisioningStyle = Automatic;
					};
					2AD36D501DC5141600F63E90 = {
						CreatedOnToolsVersion = 8.0;
						DevelopmentTeam = L5425Y5HQ6;
						LastSwiftMigration = 0810;
						ProvisioningStyle = Automatic;
						SystemCapabilities = {
							com.apple.BackgroundModes = {
								enabled = 1;
							};
							com.apple.Push = {
								enabled = 1;
							};
						};
					};
				};
			};
			buildConfigurationList = 2AD36D4C1DC5141600F63E90 /* Build configuration list for PBXProject "CalenalaApp" */;
			compatibilityVersion = "Xcode 3.2";
			developmentRegion = English;
			hasScannedForEncodings = 0;
			knownRegions = (
				en,
				Base,
			);
			mainGroup = 2AD36D481DC5141600F63E90;
			productRefGroup = 2AD36D521DC5141600F63E90 /* Products */;
			projectDirPath = "";
			projectRoot = "";
			targets = (
				2AD36D501DC5141600F63E90 /* CalenalaApp */,
				2AA1AB951EAFD0770076051A /* CalenalaPushExtension */,
			);
		};
/* End PBXProject section */

/* Begin PBXResourcesBuildPhase section */
		2AA1AB941EAFD0770076051A /* Resources */ = {
			isa = PBXResourcesBuildPhase;
			buildActionMask = 2147483647;
			files = (
				2AA1ABA01EAFD0770076051A /* MainInterface.storyboard in Resources */,
			);
			runOnlyForDeploymentPostprocessing = 0;
		};
		2AD36D4F1DC5141600F63E90 /* Resources */ = {
			isa = PBXResourcesBuildPhase;
			buildActionMask = 2147483647;
			files = (
				2AD36D5F1DC5141600F63E90 /* LaunchScreen.storyboard in Resources */,
				2AD36D5C1DC5141600F63E90 /* Assets.xcassets in Resources */,
			);
			runOnlyForDeploymentPostprocessing = 0;
		};
/* End PBXResourcesBuildPhase section */

/* Begin PBXShellScriptBuildPhase section */
		140520DB1192E5CD089A6929 /* Check Pods Manifest.lock */ = {
			isa = PBXShellScriptBuildPhase;
			buildActionMask = 2147483647;
			files = (
			);
			inputPaths = (
			);
			name = "Check Pods Manifest.lock";
			outputPaths = (
			);
			runOnlyForDeploymentPostprocessing = 0;
			shellPath = /bin/sh;
			shellScript = "diff \"${PODS_ROOT}/../Podfile.lock\" \"${PODS_ROOT}/Manifest.lock\" > /dev/null\nif [[ $? != 0 ]] ; then\n    cat << EOM\nerror: The sandbox is not in sync with the Podfile.lock. Run 'pod install' or update your CocoaPods installation.\nEOM\n    exit 1\nfi\n";
			showEnvVarsInLog = 0;
		};
		2DAB227670B0D0816F12D285 /* Embed Pods Frameworks */ = {
			isa = PBXShellScriptBuildPhase;
			buildActionMask = 2147483647;
			files = (
			);
			inputPaths = (
			);
			name = "Embed Pods Frameworks";
			outputPaths = (
			);
			runOnlyForDeploymentPostprocessing = 0;
			shellPath = /bin/sh;
			shellScript = "\"${SRCROOT}/Pods/Target Support Files/Pods/Pods-frameworks.sh\"\n";
			showEnvVarsInLog = 0;
		};
		9C6EC6F2163C33C4EAA29E0C /* Copy Pods Resources */ = {
			isa = PBXShellScriptBuildPhase;
			buildActionMask = 2147483647;
			files = (
			);
			inputPaths = (
			);
			name = "Copy Pods Resources";
			outputPaths = (
			);
			runOnlyForDeploymentPostprocessing = 0;
			shellPath = /bin/sh;
			shellScript = "\"${SRCROOT}/Pods/Target Support Files/Pods/Pods-resources.sh\"\n";
			showEnvVarsInLog = 0;
		};
/* End PBXShellScriptBuildPhase section */

/* Begin PBXSourcesBuildPhase section */
		2AA1AB921EAFD0770076051A /* Sources */ = {
			isa = PBXSourcesBuildPhase;
			buildActionMask = 2147483647;
			files = (
				2AA1AB9D1EAFD0770076051A /* NotificationViewController.swift in Sources */,
			);
			runOnlyForDeploymentPostprocessing = 0;
		};
		2AD36D4D1DC5141600F63E90 /* Sources */ = {
			isa = PBXSourcesBuildPhase;
			buildActionMask = 2147483647;
			files = (
				2AD8DD1B1E159CEC0076B8E9 /* MeetingHeaderView.swift in Sources */,
				2A66D6841DEC38E6008C4239 /* UIViewController+Alert.swift in Sources */,
				F649C8CC1DF5AFA700046CE3 /* EmailStackView.swift in Sources */,
				2AB64F1B1DCCAEB4005A058E /* MeetingCell.swift in Sources */,
				2A403D641DD30EF3007EBA0A /* MeetingDetailView.swift in Sources */,
				2A8D4BF21DEF21DC007A42CC /* TimeView.swift in Sources */,
				2AE52A8D1E815516006F3C98 /* RatedMeetingsViewController.swift in Sources */,
				2A5297711DD4905400DB18A7 /* String+Date.swift in Sources */,
				2AD8DD321E1D7C7C0076B8E9 /* CreateCommentCell.swift in Sources */,
				F649C8CE1DF5EE3D00046CE3 /* CommentTableViewCell.swift in Sources */,
				F6F878B51E093774001F44CC /* TitleTableViewCell.swift in Sources */,
				2AD8DD301E1D6F390076B8E9 /* AttendeeesCell.swift in Sources */,
				2AAC6A8F1E1EFE4F00F84618 /* AttendeesViewController.swift in Sources */,
				F6F878B71E096EBD001F44CC /* LocationTableViewCell.swift in Sources */,
				2A403D661DD313A9007EBA0A /* MeetingDetail.swift in Sources */,
				2AB64F1D1DCCAECB005A058E /* Meeting.swift in Sources */,
				2A687B4F1DCBB1FF00AB88F5 /* LoginViewController.swift in Sources */,
				2A403D5E1DD1F9D7007EBA0A /* APIManager.swift in Sources */,
				2A8AD8081DC7E050009D7918 /* User.swift in Sources */,
				2AB64F181DCCADE2005A058E /* MeetingsDataSource.swift in Sources */,
				2AA1AB8F1EAE8BF70076051A /* SettingsViewController.swift in Sources */,
				2A687B511DCBB24A00AB88F5 /* LoginView.swift in Sources */,
				2AD36D551DC5141600F63E90 /* AppDelegate.swift in Sources */,
				2AF62AC91DF8AABF005EEC23 /* Attende.swift in Sources */,
				F67C0A791E02B4E500321EFA /* CommentTableViewDataSource.swift in Sources */,
				2AA1AB911EAE8C790076051A /* SettingsView.swift in Sources */,
				2A2505021EAE7FE300A3D4C8 /* Settings.swift in Sources */,
				2AB64F161DCC9341005A058E /* MeetingsViewController.swift in Sources */,
				2A403D611DD30E07007EBA0A /* MeetingDetailViewController.swift in Sources */,
				2A5297731DD5CFAF00DB18A7 /* RatingView.swift in Sources */,
				2AD8DD391E1DA3D20076B8E9 /* Crypto.m in Sources */,
				2AD8DD341E1DA2AB0076B8E9 /* String+SHA1.swift in Sources */,
			);
			runOnlyForDeploymentPostprocessing = 0;
		};
/* End PBXSourcesBuildPhase section */

/* Begin PBXTargetDependency section */
		2AA1ABA31EAFD0770076051A /* PBXTargetDependency */ = {
			isa = PBXTargetDependency;
			target = 2AA1AB951EAFD0770076051A /* CalenalaPushExtension */;
			targetProxy = 2AA1ABA21EAFD0770076051A /* PBXContainerItemProxy */;
		};
/* End PBXTargetDependency section */

/* Begin PBXVariantGroup section */
		2AA1AB9E1EAFD0770076051A /* MainInterface.storyboard */ = {
			isa = PBXVariantGroup;
			children = (
				2AA1AB9F1EAFD0770076051A /* Base */,
			);
			name = MainInterface.storyboard;
			sourceTree = "<group>";
		};
		2AD36D5D1DC5141600F63E90 /* LaunchScreen.storyboard */ = {
			isa = PBXVariantGroup;
			children = (
				2AD36D5E1DC5141600F63E90 /* Base */,
			);
			name = LaunchScreen.storyboard;
			sourceTree = "<group>";
		};
/* End PBXVariantGroup section */

/* Begin XCBuildConfiguration section */
		2AA1ABA51EAFD0770076051A /* Debug */ = {
			isa = XCBuildConfiguration;
			buildSettings = {
				CLANG_ANALYZER_NUMBER_OBJECT_CONVERSION = YES_AGGRESSIVE;
				CODE_SIGN_IDENTITY = "iPhone Developer: Rudolf Kotas (566KU9X62W)";
				"CODE_SIGN_IDENTITY[sdk=iphoneos*]" = "iPhone Developer";
				DEVELOPMENT_TEAM = L5425Y5HQ6;
				INFOPLIST_FILE = CalenalaPushExtension/Info.plist;
				IPHONEOS_DEPLOYMENT_TARGET = 10.3;
				LD_RUNPATH_SEARCH_PATHS = "$(inherited) @executable_path/Frameworks @executable_path/../../Frameworks";
				PRODUCT_BUNDLE_IDENTIFIER = technology.tomorrow.calenalarating.CalenalaPushExtension;
				PRODUCT_NAME = "$(TARGET_NAME)";
				SKIP_INSTALL = YES;
				SWIFT_VERSION = 3.0;
			};
			name = Debug;
		};
		2AA1ABA61EAFD0770076051A /* Release */ = {
			isa = XCBuildConfiguration;
			buildSettings = {
				CLANG_ANALYZER_NUMBER_OBJECT_CONVERSION = YES_AGGRESSIVE;
				DEVELOPMENT_TEAM = L5425Y5HQ6;
				INFOPLIST_FILE = CalenalaPushExtension/Info.plist;
				IPHONEOS_DEPLOYMENT_TARGET = 10.3;
				LD_RUNPATH_SEARCH_PATHS = "$(inherited) @executable_path/Frameworks @executable_path/../../Frameworks";
				PRODUCT_BUNDLE_IDENTIFIER = technology.tomorrow.calenalarating.CalenalaPushExtension;
				PRODUCT_NAME = "$(TARGET_NAME)";
				SKIP_INSTALL = YES;
				SWIFT_VERSION = 3.0;
			};
			name = Release;
		};
		2AD36D611DC5141600F63E90 /* Debug */ = {
			isa = XCBuildConfiguration;
			buildSettings = {
				ALWAYS_SEARCH_USER_PATHS = NO;
				CLANG_ANALYZER_NONNULL = YES;
				CLANG_CXX_LANGUAGE_STANDARD = "gnu++0x";
				CLANG_CXX_LIBRARY = "libc++";
				CLANG_ENABLE_MODULES = YES;
				CLANG_ENABLE_OBJC_ARC = YES;
				CLANG_WARN_BOOL_CONVERSION = YES;
				CLANG_WARN_CONSTANT_CONVERSION = YES;
				CLANG_WARN_DIRECT_OBJC_ISA_USAGE = YES_ERROR;
				CLANG_WARN_DOCUMENTATION_COMMENTS = YES;
				CLANG_WARN_EMPTY_BODY = YES;
				CLANG_WARN_ENUM_CONVERSION = YES;
				CLANG_WARN_INFINITE_RECURSION = YES;
				CLANG_WARN_INT_CONVERSION = YES;
				CLANG_WARN_OBJC_ROOT_CLASS = YES_ERROR;
				CLANG_WARN_SUSPICIOUS_MOVE = YES;
				CLANG_WARN_SUSPICIOUS_MOVES = YES;
				CLANG_WARN_UNREACHABLE_CODE = YES;
				CLANG_WARN__DUPLICATE_METHOD_MATCH = YES;
				"CODE_SIGN_IDENTITY[sdk=iphoneos*]" = "iPhone Developer";
				COPY_PHASE_STRIP = NO;
				DEBUG_INFORMATION_FORMAT = dwarf;
				ENABLE_STRICT_OBJC_MSGSEND = YES;
				ENABLE_TESTABILITY = YES;
				GCC_C_LANGUAGE_STANDARD = gnu99;
				GCC_DYNAMIC_NO_PIC = NO;
				GCC_NO_COMMON_BLOCKS = YES;
				GCC_OPTIMIZATION_LEVEL = 0;
				GCC_PREPROCESSOR_DEFINITIONS = (
					"DEBUG=1",
					"$(inherited)",
				);
				GCC_WARN_64_TO_32_BIT_CONVERSION = YES;
				GCC_WARN_ABOUT_RETURN_TYPE = YES_ERROR;
				GCC_WARN_UNDECLARED_SELECTOR = YES;
				GCC_WARN_UNINITIALIZED_AUTOS = YES_AGGRESSIVE;
				GCC_WARN_UNUSED_FUNCTION = YES;
				GCC_WARN_UNUSED_VARIABLE = YES;
				IPHONEOS_DEPLOYMENT_TARGET = 10.0;
				MTL_ENABLE_DEBUG_INFO = YES;
				ONLY_ACTIVE_ARCH = YES;
				SDKROOT = iphoneos;
				SWIFT_ACTIVE_COMPILATION_CONDITIONS = DEBUG;
				SWIFT_OPTIMIZATION_LEVEL = "-Onone";
			};
			name = Debug;
		};
		2AD36D621DC5141600F63E90 /* Release */ = {
			isa = XCBuildConfiguration;
			buildSettings = {
				ALWAYS_SEARCH_USER_PATHS = NO;
				CLANG_ANALYZER_NONNULL = YES;
				CLANG_CXX_LANGUAGE_STANDARD = "gnu++0x";
				CLANG_CXX_LIBRARY = "libc++";
				CLANG_ENABLE_MODULES = YES;
				CLANG_ENABLE_OBJC_ARC = YES;
				CLANG_WARN_BOOL_CONVERSION = YES;
				CLANG_WARN_CONSTANT_CONVERSION = YES;
				CLANG_WARN_DIRECT_OBJC_ISA_USAGE = YES_ERROR;
				CLANG_WARN_DOCUMENTATION_COMMENTS = YES;
				CLANG_WARN_EMPTY_BODY = YES;
				CLANG_WARN_ENUM_CONVERSION = YES;
				CLANG_WARN_INFINITE_RECURSION = YES;
				CLANG_WARN_INT_CONVERSION = YES;
				CLANG_WARN_OBJC_ROOT_CLASS = YES_ERROR;
				CLANG_WARN_SUSPICIOUS_MOVE = YES;
				CLANG_WARN_SUSPICIOUS_MOVES = YES;
				CLANG_WARN_UNREACHABLE_CODE = YES;
				CLANG_WARN__DUPLICATE_METHOD_MATCH = YES;
				"CODE_SIGN_IDENTITY[sdk=iphoneos*]" = "iPhone Developer";
				COPY_PHASE_STRIP = NO;
				DEBUG_INFORMATION_FORMAT = "dwarf-with-dsym";
				ENABLE_NS_ASSERTIONS = NO;
				ENABLE_STRICT_OBJC_MSGSEND = YES;
				GCC_C_LANGUAGE_STANDARD = gnu99;
				GCC_NO_COMMON_BLOCKS = YES;
				GCC_WARN_64_TO_32_BIT_CONVERSION = YES;
				GCC_WARN_ABOUT_RETURN_TYPE = YES_ERROR;
				GCC_WARN_UNDECLARED_SELECTOR = YES;
				GCC_WARN_UNINITIALIZED_AUTOS = YES_AGGRESSIVE;
				GCC_WARN_UNUSED_FUNCTION = YES;
				GCC_WARN_UNUSED_VARIABLE = YES;
				IPHONEOS_DEPLOYMENT_TARGET = 10.0;
				MTL_ENABLE_DEBUG_INFO = NO;
				SDKROOT = iphoneos;
				SWIFT_OPTIMIZATION_LEVEL = "-Owholemodule";
				VALIDATE_PRODUCT = YES;
			};
			name = Release;
		};
		2AD36D641DC5141600F63E90 /* Debug */ = {
			isa = XCBuildConfiguration;
			baseConfigurationReference = C814227CA2AE15D0BCDFDC84 /* Pods.debug.xcconfig */;
			buildSettings = {
				ALWAYS_EMBED_SWIFT_STANDARD_LIBRARIES = YES;
				ASSETCATALOG_COMPILER_APPICON_NAME = AppIcon;
				CLANG_ENABLE_MODULES = YES;
				CODE_SIGN_ENTITLEMENTS = CalenalaApp/CalenalaApp.entitlements;
				CODE_SIGN_IDENTITY = "iPhone Developer: Rudolf Kotas (566KU9X62W)";
				"CODE_SIGN_IDENTITY[sdk=iphoneos*]" = "iPhone Developer";
				DEVELOPMENT_TEAM = L5425Y5HQ6;
				INFOPLIST_FILE = CalenalaApp/Info.plist;
				IPHONEOS_DEPLOYMENT_TARGET = 10.3;
				LD_RUNPATH_SEARCH_PATHS = "$(inherited) @executable_path/Frameworks";
				PRODUCT_BUNDLE_IDENTIFIER = technology.tomorrow.calenalarating;
				PRODUCT_NAME = "$(TARGET_NAME)";
				PROVISIONING_PROFILE = "";
				PROVISIONING_PROFILE_SPECIFIER = "";
				SWIFT_OBJC_BRIDGING_HEADER = "CalenalaApp/CalenalaApp-Bridging-Header.h";
				SWIFT_OPTIMIZATION_LEVEL = "-Onone";
				SWIFT_VERSION = 3.0;
			};
			name = Debug;
		};
		2AD36D651DC5141600F63E90 /* Release */ = {
			isa = XCBuildConfiguration;
			baseConfigurationReference = 602659FDEEF25591413A4F03 /* Pods.release.xcconfig */;
			buildSettings = {
				ALWAYS_EMBED_SWIFT_STANDARD_LIBRARIES = YES;
				ASSETCATALOG_COMPILER_APPICON_NAME = AppIcon;
				CLANG_ENABLE_MODULES = YES;
				CODE_SIGN_ENTITLEMENTS = CalenalaApp/CalenalaApp.entitlements;
				CODE_SIGN_IDENTITY = "";
				"CODE_SIGN_IDENTITY[sdk=iphoneos*]" = "iPhone Developer";
				DEVELOPMENT_TEAM = L5425Y5HQ6;
				INFOPLIST_FILE = CalenalaApp/Info.plist;
				IPHONEOS_DEPLOYMENT_TARGET = 10.3;
				LD_RUNPATH_SEARCH_PATHS = "$(inherited) @executable_path/Frameworks";
				PRODUCT_BUNDLE_IDENTIFIER = technology.tomorrow.calenalarating;
				PRODUCT_NAME = "$(TARGET_NAME)";
				PROVISIONING_PROFILE = "";
				PROVISIONING_PROFILE_SPECIFIER = "";
				SWIFT_OBJC_BRIDGING_HEADER = "CalenalaApp/CalenalaApp-Bridging-Header.h";
				SWIFT_VERSION = 3.0;
			};
			name = Release;
		};
/* End XCBuildConfiguration section */

/* Begin XCConfigurationList section */
		2AA1ABA71EAFD0770076051A /* Build configuration list for PBXNativeTarget "CalenalaPushExtension" */ = {
			isa = XCConfigurationList;
			buildConfigurations = (
				2AA1ABA51EAFD0770076051A /* Debug */,
				2AA1ABA61EAFD0770076051A /* Release */,
			);
			defaultConfigurationIsVisible = 0;
			defaultConfigurationName = Release;
		};
		2AD36D4C1DC5141600F63E90 /* Build configuration list for PBXProject "CalenalaApp" */ = {
			isa = XCConfigurationList;
			buildConfigurations = (
				2AD36D611DC5141600F63E90 /* Debug */,
				2AD36D621DC5141600F63E90 /* Release */,
			);
			defaultConfigurationIsVisible = 0;
			defaultConfigurationName = Release;
		};
		2AD36D631DC5141600F63E90 /* Build configuration list for PBXNativeTarget "CalenalaApp" */ = {
			isa = XCConfigurationList;
			buildConfigurations = (
				2AD36D641DC5141600F63E90 /* Debug */,
				2AD36D651DC5141600F63E90 /* Release */,
			);
			defaultConfigurationIsVisible = 0;
			defaultConfigurationName = Release;
		};
/* End XCConfigurationList section */
	};
	rootObject = 2AD36D491DC5141600F63E90 /* Project object */;
}
